{
  "originHash" : "1f38c1151331ecad865d5acd2e44b4c60e9e4d8eef78fd6bcb8746151c491f56",
  "pins" : [
    {
      "identity" : "grdb.swift",
      "kind" : "remoteSourceControl",
      "location" : "https://github.com/thebrowsercompany/GRDB.swift",
      "state" : {
        "revision" : "c3cc998fc14efa356259e5d01d8910e82de080ad",
        "version" : "6.6.0"
      }
    }
  ],
  "version" : 3
}
