{
  "originHash" : "fd8cd48d5ac67ccefd8f42a4b43298800c29123d1fb1625eed54188ce9b4b741",
  "pins" : [
    {
      "identity" : "grdb.swift",
      "kind" : "remoteSourceControl",
      "location" : "https://github.com/thebrowsercompany/GRDB.swift",
      "state" : {
        "revision" : "e4135b50820ed0a6c69addc2959787b852715574",
        "version" : "3.0.1"
      }
    }
  ],
  "version" : 3
}
